// !$*UTF8*$!
{
	archiveVersion = 1;
	classes = {
	};
	objectVersion = 46;
	objects = {

/* Begin PBXBuildFile section */
		4E187B7C1D3CC92200864DCB /* AppDelegate.swift in Sources */ = {isa = PBXBuildFile; fileRef = 4E187B7B1D3CC92200864DCB /* AppDelegate.swift */; };
		4E187B811D3CC92200864DCB /* Main.storyboard in Resources */ = {isa = PBXBuildFile; fileRef = 4E187B7F1D3CC92200864DCB /* Main.storyboard */; };
		4E187B831D3CC92200864DCB /* Assets.xcassets in Resources */ = {isa = PBXBuildFile; fileRef = 4E187B821D3CC92200864DCB /* Assets.xcassets */; };
		4E187B861D3CC92200864DCB /* LaunchScreen.storyboard in Resources */ = {isa = PBXBuildFile; fileRef = 4E187B841D3CC92200864DCB /* LaunchScreen.storyboard */; };
		4E187B8E1D3CD0D300864DCB /* TabBarController.swift in Sources */ = {isa = PBXBuildFile; fileRef = 4E187B8D1D3CD0D300864DCB /* TabBarController.swift */; };
		4E187B901D3CD3E800864DCB /* ImportDocVC.swift in Sources */ = {isa = PBXBuildFile; fileRef = 4E187B8F1D3CD3E800864DCB /* ImportDocVC.swift */; };
/* End PBXBuildFile section */

/* Begin PBXFileReference section */
		4E187B781D3CC92200864DCB /* Syndiyo.app */ = {isa = PBXFileReference; explicitFileType = wrapper.application; includeInIndex = 0; path = Syndiyo.app; sourceTree = BUILT_PRODUCTS_DIR; };
		4E187B7B1D3CC92200864DCB /* AppDelegate.swift */ = {isa = PBXFileReference; lastKnownFileType = sourcecode.swift; path = AppDelegate.swift; sourceTree = "<group>"; };
		4E187B801D3CC92200864DCB /* Base */ = {isa = PBXFileReference; lastKnownFileType = file.storyboard; name = Base; path = Base.lproj/Main.storyboard; sourceTree = "<group>"; };
		4E187B821D3CC92200864DCB /* Assets.xcassets */ = {isa = PBXFileReference; lastKnownFileType = folder.assetcatalog; path = Assets.xcassets; sourceTree = "<group>"; };
		4E187B851D3CC92200864DCB /* Base */ = {isa = PBXFileReference; lastKnownFileType = file.storyboard; name = Base; path = Base.lproj/LaunchScreen.storyboard; sourceTree = "<group>"; };
		4E187B871D3CC92200864DCB /* Info.plist */ = {isa = PBXFileReference; lastKnownFileType = text.plist.xml; path = Info.plist; sourceTree = "<group>"; };
		4E187B8D1D3CD0D300864DCB /* TabBarController.swift */ = {isa = PBXFileReference; fileEncoding = 4; lastKnownFileType = sourcecode.swift; path = TabBarController.swift; sourceTree = "<group>"; };
		4E187B8F1D3CD3E800864DCB /* ImportDocVC.swift */ = {isa = PBXFileReference; fileEncoding = 4; lastKnownFileType = sourcecode.swift; path = ImportDocVC.swift; sourceTree = "<group>"; };
/* End PBXFileReference section */

/* Begin PBXFrameworksBuildPhase section */
		4E187B751D3CC92200864DCB /* Frameworks */ = {
			isa = PBXFrameworksBuildPhase;
			buildActionMask = 2147483647;
			files = (
			);
			runOnlyForDeploymentPostprocessing = 0;
		};
/* End PBXFrameworksBuildPhase section */

/* Begin PBXGroup section */
		4E187B6F1D3CC92200864DCB = {
			isa = PBXGroup;
			children = (
				4E187B7A1D3CC92200864DCB /* Syndiyo */,
				4E187B791D3CC92200864DCB /* Products */,
			);
			sourceTree = "<group>";
		};
		4E187B791D3CC92200864DCB /* Products */ = {
			isa = PBXGroup;
			children = (
				4E187B781D3CC92200864DCB /* Syndiyo.app */,
			);
			name = Products;
			sourceTree = "<group>";
		};
		4E187B7A1D3CC92200864DCB /* Syndiyo */ = {
			isa = PBXGroup;
			children = (
				4E187B7B1D3CC92200864DCB /* AppDelegate.swift */,
				4E187B7F1D3CC92200864DCB /* Main.storyboard */,
				4E187B8F1D3CD3E800864DCB /* ImportDocVC.swift */,
				4E187B821D3CC92200864DCB /* Assets.xcassets */,
				4E187B841D3CC92200864DCB /* LaunchScreen.storyboard */,
				4E187B871D3CC92200864DCB /* Info.plist */,
				4E187B8D1D3CD0D300864DCB /* TabBarController.swift */,
			);
			path = Syndiyo;
			sourceTree = "<group>";
		};
/* End PBXGroup section */

/* Begin PBXNativeTarget section */
		4E187B771D3CC92200864DCB /* Syndiyo */ = {
			isa = PBXNativeTarget;
			buildConfigurationList = 4E187B8A1D3CC92200864DCB /* Build configuration list for PBXNativeTarget "Syndiyo" */;
			buildPhases = (
				4E187B741D3CC92200864DCB /* Sources */,
				4E187B751D3CC92200864DCB /* Frameworks */,
				4E187B761D3CC92200864DCB /* Resources */,
			);
			buildRules = (
			);
			dependencies = (
			);
			name = Syndiyo;
			productName = Syndiyo;
			productReference = 4E187B781D3CC92200864DCB /* Syndiyo.app */;
			productType = "com.apple.product-type.application";
		};
/* End PBXNativeTarget section */

/* Begin PBXProject section */
		4E187B701D3CC92200864DCB /* Project object */ = {
			isa = PBXProject;
			attributes = {
				LastSwiftUpdateCheck = 0730;
				LastUpgradeCheck = 0730;
				ORGANIZATIONNAME = "Alan-Yu";
				TargetAttributes = {
					4E187B771D3CC92200864DCB = {
						CreatedOnToolsVersion = 7.3.1;
					};
				};
			};
			buildConfigurationList = 4E187B731D3CC92200864DCB /* Build configuration list for PBXProject "Syndiyo" */;
			compatibilityVersion = "Xcode 3.2";
			developmentRegion = English;
			hasScannedForEncodings = 0;
			knownRegions = (
				en,
				Base,
			);
			mainGroup = 4E187B6F1D3CC92200864DCB;
			productRefGroup = 4E187B791D3CC92200864DCB /* Products */;
			projectDirPath = "";
			projectRoot = "";
			targets = (
				4E187B771D3CC92200864DCB /* Syndiyo */,
			);
		};
/* End PBXProject section */

/* Begin PBXResourcesBuildPhase section */
		4E187B761D3CC92200864DCB /* Resources */ = {
			isa = PBXResourcesBuildPhase;
			buildActionMask = 2147483647;
			files = (
				4E187B861D3CC92200864DCB /* LaunchScreen.storyboard in Resources */,
				4E187B831D3CC92200864DCB /* Assets.xcassets in Resources */,
				4E187B811D3CC92200864DCB /* Main.storyboard in Resources */,
			);
			runOnlyForDeploymentPostprocessing = 0;
		};
/* End PBXResourcesBuildPhase section */

/* Begin PBXSourcesBuildPhase section */
		4E187B741D3CC92200864DCB /* Sources */ = {
			isa = PBXSourcesBuildPhase;
			buildActionMask = 2147483647;
			files = (
				4E187B901D3CD3E800864DCB /* ImportDocVC.swift in Sources */,
				4E187B7C1D3CC92200864DCB /* AppDelegate.swift in Sources */,
				4E187B8E1D3CD0D300864DCB /* TabBarController.swift in Sources */,
			);
			runOnlyForDeploymentPostprocessing = 0;
		};
/* End PBXSourcesBuildPhase section */

/* Begin PBXVariantGroup section */
		4E187B7F1D3CC92200864DCB /* Main.storyboard */ = {
			isa = PBXVariantGroup;
			children = (
				4E187B801D3CC92200864DCB /* Base */,
			);
			name = Main.storyboard;
			sourceTree = "<group>";
		};
		4E187B841D3CC92200864DCB /* LaunchScreen.storyboard */ = {
			isa = PBXVariantGroup;
			children = (
				4E187B851D3CC92200864DCB /* Base */,
			);
			name = LaunchScreen.storyboard;
			sourceTree = "<group>";
		};
/* End PBXVariantGroup section */

/* Begin XCBuildConfiguration section */
		4E187B881D3CC92200864DCB /* Debug */ = {
			isa = XCBuildConfiguration;
			buildSettings = {
				ALWAYS_SEARCH_USER_PATHS = NO;
				CLANG_ANALYZER_NONNULL = YES;
				CLANG_CXX_LANGUAGE_STANDARD = "gnu++0x";
				CLANG_CXX_LIBRARY = "libc++";
				CLANG_ENABLE_MODULES = YES;
				CLANG_ENABLE_OBJC_ARC = YES;
				CLANG_WARN_BOOL_CONVERSION = YES;
				CLANG_WARN_CONSTANT_CONVERSION = YES;
				CLANG_WARN_DIRECT_OBJC_ISA_USAGE = YES_ERROR;
				CLANG_WARN_EMPTY_BODY = YES;
				CLANG_WARN_ENUM_CONVERSION = YES;
				CLANG_WARN_INT_CONVERSION = YES;
				CLANG_WARN_OBJC_ROOT_CLASS = YES_ERROR;
				CLANG_WARN_UNREACHABLE_CODE = YES;
				CLANG_WARN__DUPLICATE_METHOD_MATCH = YES;
				"CODE_SIGN_IDENTITY[sdk=iphoneos*]" = "iPhone Developer";
				COPY_PHASE_STRIP = NO;
				DEBUG_INFORMATION_FORMAT = dwarf;
				ENABLE_STRICT_OBJC_MSGSEND = YES;
				ENABLE_TESTABILITY = YES;
				GCC_C_LANGUAGE_STANDARD = gnu99;
				GCC_DYNAMIC_NO_PIC = NO;
				GCC_NO_COMMON_BLOCKS = YES;
				GCC_OPTIMIZATION_LEVEL = 0;
				GCC_PREPROCESSOR_DEFINITIONS = (
					"DEBUG=1",
					"$(inherited)",
				);
				GCC_WARN_64_TO_32_BIT_CONVERSION = YES;
				GCC_WARN_ABOUT_RETURN_TYPE = YES_ERROR;
				GCC_WARN_UNDECLARED_SELECTOR = YES;
				GCC_WARN_UNINITIALIZED_AUTOS = YES_AGGRESSIVE;
				GCC_WARN_UNUSED_FUNCTION = YES;
				GCC_WARN_UNUSED_VARIABLE = YES;
				IPHONEOS_DEPLOYMENT_TARGET = 9.3;
				MTL_ENABLE_DEBUG_INFO = YES;
				ONLY_ACTIVE_ARCH = YES;
				SDKROOT = iphoneos;
				SWIFT_OPTIMIZATION_LEVEL = "-Onone";
			};
			name = Debug;
		};
		4E187B891D3CC92200864DCB /* Release */ = {
			isa = XCBuildConfiguration;
			buildSettings = {
				ALWAYS_SEARCH_USER_PATHS = NO;
				CLANG_ANALYZER_NONNULL = YES;
				CLANG_CXX_LANGUAGE_STANDARD = "gnu++0x";
				CLANG_CXX_LIBRARY = "libc++";
				CLANG_ENABLE_MODULES = YES;
				CLANG_ENABLE_OBJC_ARC = YES;
				CLANG_WARN_BOOL_CONVERSION = YES;
				CLANG_WARN_CONSTANT_CONVERSION = YES;
				CLANG_WARN_DIRECT_OBJC_ISA_USAGE = YES_ERROR;
				CLANG_WARN_EMPTY_BODY = YES;
				CLANG_WARN_ENUM_CONVERSION = YES;
				CLANG_WARN_INT_CONVERSION = YES;
				CLANG_WARN_OBJC_ROOT_CLASS = YES_ERROR;
				CLANG_WARN_UNREACHABLE_CODE = YES;
				CLANG_WARN__DUPLICATE_METHOD_MATCH = YES;
				"CODE_SIGN_IDENTITY[sdk=iphoneos*]" = "iPhone Developer";
				COPY_PHASE_STRIP = NO;
				DEBUG_INFORMATION_FORMAT = "dwarf-with-dsym";
				ENABLE_NS_ASSERTIONS = NO;
				ENABLE_STRICT_OBJC_MSGSEND = YES;
				GCC_C_LANGUAGE_STANDARD = gnu99;
				GCC_NO_COMMON_BLOCKS = YES;
				GCC_WARN_64_TO_32_BIT_CONVERSION = YES;
				GCC_WARN_ABOUT_RETURN_TYPE = YES_ERROR;
				GCC_WARN_UNDECLARED_SELECTOR = YES;
				GCC_WARN_UNINITIALIZED_AUTOS = YES_AGGRESSIVE;
				GCC_WARN_UNUSED_FUNCTION = YES;
				GCC_WARN_UNUSED_VARIABLE = YES;
				IPHONEOS_DEPLOYMENT_TARGET = 9.3;
				MTL_ENABLE_DEBUG_INFO = NO;
				SDKROOT = iphoneos;
				VALIDATE_PRODUCT = YES;
			};
			name = Release;
		};
		4E187B8B1D3CC92200864DCB /* Debug */ = {
			isa = XCBuildConfiguration;
			buildSettings = {
				ASSETCATALOG_COMPILER_APPICON_NAME = AppIcon;
				INFOPLIST_FILE = Syndiyo/Info.plist;
				LD_RUNPATH_SEARCH_PATHS = "$(inherited) @executable_path/Frameworks";
				PRODUCT_BUNDLE_IDENTIFIER = "com.Alan-Yu.Syndiyo";
				PRODUCT_NAME = "$(TARGET_NAME)";
			};
			name = Debug;
		};
		4E187B8C1D3CC92200864DCB /* Release */ = {
			isa = XCBuildConfiguration;
			buildSettings = {
				ASSETCATALOG_COMPILER_APPICON_NAME = AppIcon;
				INFOPLIST_FILE = Syndiyo/Info.plist;
				LD_RUNPATH_SEARCH_PATHS = "$(inherited) @executable_path/Frameworks";
				PRODUCT_BUNDLE_IDENTIFIER = "com.Alan-Yu.Syndiyo";
				PRODUCT_NAME = "$(TARGET_NAME)";
			};
			name = Release;
		};
/* End XCBuildConfiguration section */

/* Begin XCConfigurationList section */
		4E187B731D3CC92200864DCB /* Build configuration list for PBXProject "Syndiyo" */ = {
			isa = XCConfigurationList;
			buildConfigurations = (
				4E187B881D3CC92200864DCB /* Debug */,
				4E187B891D3CC92200864DCB /* Release */,
			);
			defaultConfigurationIsVisible = 0;
			defaultConfigurationName = Release;
		};
		4E187B8A1D3CC92200864DCB /* Build configuration list for PBXNativeTarget "Syndiyo" */ = {
			isa = XCConfigurationList;
			buildConfigurations = (
				4E187B8B1D3CC92200864DCB /* Debug */,
				4E187B8C1D3CC92200864DCB /* Release */,
			);
			defaultConfigurationIsVisible = 0;
		};
/* End XCConfigurationList section */
	};
	rootObject = 4E187B701D3CC92200864DCB /* Project object */;
}
